<?xml version="1.0" encoding="utf-8"?>
<Project ToolsVersion="4.0" xmlns="http://schemas.microsoft.com/developer/msbuild/2003">
  <ItemGroup>
    <Filter Include="PKB">
      <UniqueIdentifier>{c0083c28-25de-4279-a43f-57dadba85921}</UniqueIdentifier>
    </Filter>
    <Filter Include="PQL">
      <UniqueIdentifier>{206e5b74-312a-4a09-a8bf-e36c5a00a5aa}</UniqueIdentifier>
    </Filter>
    <Filter Include="PKB\Header">
      <UniqueIdentifier>{c5ca9483-43a8-487a-923a-9186f58aa49f}</UniqueIdentifier>
    </Filter>
    <Filter Include="PQL\Header">
      <UniqueIdentifier>{59d071d1-b0d2-4bdb-bcb4-ad2e9e2370ce}</UniqueIdentifier>
    </Filter>
  </ItemGroup>
  <ItemGroup>
    <ClCompile Include="PKB\Affects.cpp">
      <Filter>PKB</Filter>
    </ClCompile>
    <ClCompile Include="PKB\AST.cpp">
      <Filter>PKB</Filter>
    </ClCompile>
    <ClCompile Include="PKB\Call.cpp">
      <Filter>PKB</Filter>
    </ClCompile>
    <ClCompile Include="PKB\CFG.cpp">
      <Filter>PKB</Filter>
    </ClCompile>
    <ClCompile Include="PKB\DesignExtractor.cpp">
      <Filter>PKB</Filter>
    </ClCompile>
    <ClCompile Include="PKB\Follows.cpp">
      <Filter>PKB</Filter>
    </ClCompile>
    <ClCompile Include="PKB\GNode.cpp">
      <Filter>PKB</Filter>
    </ClCompile>
    <ClCompile Include="PKB\Modifies.cpp">
      <Filter>PKB</Filter>
    </ClCompile>
    <ClCompile Include="PKB\Parser.cpp">
      <Filter>PKB</Filter>
    </ClCompile>
    <ClCompile Include="PKB\PKB.cpp">
      <Filter>PKB</Filter>
    </ClCompile>
    <ClCompile Include="PKB\ProcTable.cpp">
      <Filter>PKB</Filter>
    </ClCompile>
    <ClCompile Include="PKB\Uses.cpp">
      <Filter>PKB</Filter>
    </ClCompile>
    <ClCompile Include="PKB\VarTable.cpp">
      <Filter>PKB</Filter>
    </ClCompile>
    <ClCompile Include="Main.cpp" />
    <ClCompile Include="PKB\stmtTable.cpp">
      <Filter>PKB</Filter>
    </ClCompile>
    <ClCompile Include="PKB\Parent.cpp">
      <Filter>PKB</Filter>
    </ClCompile>
    <ClCompile Include="PKB\Pattern.cpp">
      <Filter>PKB</Filter>
    </ClCompile>
    <ClCompile Include="PQL\Clause.cpp">
      <Filter>PQL</Filter>
    </ClCompile>
    <ClCompile Include="PQL\ParseResult.cpp">
      <Filter>PQL</Filter>
    </ClCompile>
    <ClCompile Include="PQL\Pattern.cpp">
      <Filter>PQL</Filter>
    </ClCompile>
    <ClCompile Include="PQL\QueryEvaluator.cpp">
      <Filter>PQL</Filter>
    </ClCompile>
  </ItemGroup>
  <ItemGroup>
    <ClInclude Include="PKB\Header\Affects.h">
      <Filter>PKB\Header</Filter>
    </ClInclude>
    <ClInclude Include="PKB\Header\AST.h">
      <Filter>PKB\Header</Filter>
    </ClInclude>
    <ClInclude Include="PKB\Header\Call.h">
      <Filter>PKB\Header</Filter>
    </ClInclude>
    <ClInclude Include="PKB\Header\CFG.h">
      <Filter>PKB\Header</Filter>
    </ClInclude>
    <ClInclude Include="PKB\Header\Follows.h">
      <Filter>PKB\Header</Filter>
    </ClInclude>
    <ClInclude Include="PKB\Header\GNode.h">
      <Filter>PKB\Header</Filter>
    </ClInclude>
    <ClInclude Include="PKB\Header\Modifies.h">
      <Filter>PKB\Header</Filter>
    </ClInclude>
    <ClInclude Include="PKB\Header\Parser.h">
      <Filter>PKB\Header</Filter>
    </ClInclude>
    <ClInclude Include="PKB\Header\PKB.h">
      <Filter>PKB\Header</Filter>
    </ClInclude>
    <ClInclude Include="PKB\Header\ProcTable.h">
      <Filter>PKB\Header</Filter>
    </ClInclude>
    <ClInclude Include="PKB\Header\Uses.h">
      <Filter>PKB\Header</Filter>
    </ClInclude>
    <ClInclude Include="PKB\Header\VarTable.h">
      <Filter>PKB\Header</Filter>
    </ClInclude>
    <ClInclude Include="PKB\Header\stmtTable.h">
      <Filter>PKB\Header</Filter>
    </ClInclude>
    <ClInclude Include="PKB\Header\Parent.h">
      <Filter>PKB\Header</Filter>
    </ClInclude>
    <ClInclude Include="PKB\Header\Pattern.h">
      <Filter>PKB\Header</Filter>
    </ClInclude>
    <ClInclude Include="PQL\Header\Clause.h">
      <Filter>PQL\Header</Filter>
    </ClInclude>
    <ClInclude Include="PQL\Header\ParseResult.h">
      <Filter>PQL\Header</Filter>
    </ClInclude>
    <ClInclude Include="PQL\Header\Pattern.h">
      <Filter>PQL\Header</Filter>
    </ClInclude>
    <ClInclude Include="PQL\Header\QueryEvaluator.h">
      <Filter>PQL\Header</Filter>
    </ClInclude>
  </ItemGroup>
</Project>